{
  "markbot": "7220ba4eeb379036519b5fd6cf0f1bfe9abd928a2c10a258b3d4560fa666be84",
  "index-400.png": "68059b988a7e1eb003e2708507628b6e6c3cdd92fdf5d037e62ae6cff4bedc94",
  "blueberries-400.png": "1dfa2251dd6b9a04b3df4ec47cdfcf979adb15e51293e509c85f25a8759060f2",
  "grapes-400.png": "7bdc01e61fb0f1c31b8db6c560afd73861f6a8fc75b19b4d8fa8cf9b9fe9ac0c",
  "red-currants-400.png": "0d73f3da479b34e7e87c7f3dfc5ac3c717c7605da222a2215ff2b6814d1fb958"
}