{
  "markbot": "7220ba4eeb379036519b5fd6cf0f1bfe9abd928a2c10a258b3d4560fa666be84",
  "index-400.png": "1ba2034ae1f049f1a70fb8f2faed443445a8d929cdb93b7cb5d03a715ab187a0",
  "blueberries-400.png": "d7ea045fdace05f723733cea3ae06c9f15ff72eb70d1c6ea2275e6ab30294f02",
  "grapes-400.png": "f60f51dea6295f9e97932c7f141b98991d2bff775c308997fe5149beb57da787",
  "red-currants-400.png": "24091c5b7b62da8c6a4c48ebe0d281cc7296f21e9a2475c90cce7abdeadd536d"
}