{
  "markbot": "b4afc789714a5e1e4bd6759d5822e662eee179cab41475d16784c7b788865381",
  "markbotignore": "030a4e6e1b3b6b510514a7ae54576e2c2ef762d56236c6414ef634955d96a126",
  "index-400.png": "3388609bde06ed1c8ee08e1e3f3c695e3bf0e92876e4a64be6d182b98c35f87a",
  "blueberries-400.png": "367fc77c49c88acc996a32f60a80f56a24a2125f6940443befe9ab8fc1fa8044",
  "grapes-400.png": "6ed3b0b65d598d97991be0ee173ef4eb10a728be738d2a487714df51e45ec89c",
  "red-currants-400.png": "d9afeff96ec32f1600933319fff12ddb2330f4d3a8daba658172c8149046809a"
}